
Microsoft Visual Studio Solution File, Format Version 12.00
# Visual Studio Version 17
VisualStudioVersion = 17.8.34330.188
MinimumVisualStudioVersion = 10.0.40219.1
Project("{FAE04EC0-301F-11D3-BF4B-00C04F79EFBC}") = "1.NavalBattle", "1.NavalBattle\1.NavalBattle.csproj", "{5FAE0EF1-DC92-47C9-9066-465AD4CAA951}"
EndProject
Project("{FAE04EC0-301F-11D3-BF4B-00C04F79EFBC}") = "2.DateChecker", "2.DateChecker\2.DateChecker.csproj", "{DC89A22D-C03D-4618-AECC-F6AEACA7D629}"
EndProject
Global
	GlobalSection(SolutionConfigurationPlatforms) = preSolution
		Debug|Any CPU = Debug|Any CPU
		Release|Any CPU = Release|Any CPU
	EndGlobalSection
	GlobalSection(ProjectConfigurationPlatforms) = postSolution
		{5FAE0EF1-DC92-47C9-9066-465AD4CAA951}.Debug|Any CPU.ActiveCfg = Debug|Any CPU
		{5FAE0EF1-DC92-47C9-9066-465AD4CAA951}.Debug|Any CPU.Build.0 = Debug|Any CPU
		{5FAE0EF1-DC92-47C9-9066-465AD4CAA951}.Release|Any CPU.ActiveCfg = Release|Any CPU
		{5FAE0EF1-DC92-47C9-9066-465AD4CAA951}.Release|Any CPU.Build.0 = Release|Any CPU
		{DC89A22D-C03D-4618-AECC-F6AEACA7D629}.Debug|Any CPU.ActiveCfg = Debug|Any CPU
		{DC89A22D-C03D-4618-AECC-F6AEACA7D629}.Debug|Any CPU.Build.0 = Debug|Any CPU
		{DC89A22D-C03D-4618-AECC-F6AEACA7D629}.Release|Any CPU.ActiveCfg = Release|Any CPU
		{DC89A22D-C03D-4618-AECC-F6AEACA7D629}.Release|Any CPU.Build.0 = Release|Any CPU
	EndGlobalSection
	GlobalSection(SolutionProperties) = preSolution
		HideSolutionNode = FALSE
	EndGlobalSection
	GlobalSection(ExtensibilityGlobals) = postSolution
		SolutionGuid = {DEECA47C-3463-4223-BF99-FCF433067634}
	EndGlobalSection
EndGlobal
